{
  "name": "react-native-true-librarys",
  "version": "1.0.8",
  "lockfileVersion": 1,
  "requires": true,
  "dependencies": {
    "@manopsee/react-native-images-merge": {
      "version": "1.1.8",
      "resolved": "https://npm.pkg.github.com/download/@manopsee/react-native-images-merge/1.1.8/846b4c692611b900ce8de68e7e3f323d7bad62bbea47b00299c527c40047c989",
      "integrity": "sha512-wDb9lYF8N7HIXhvGX1J3oV/WmqXBF870/tR9nhPo0+jnlQgdpqXVJC1y6iTXQ/fZXkpCBeIoKXCoys4QGUBbtQ=="
    },
    "@react-native-community/netinfo": {
      "version": "6.0.0",
      "resolved": "https://registry.npmjs.org/@react-native-community/netinfo/-/netinfo-6.0.0.tgz",
      "integrity": "sha512-Z9M8VGcF2IZVOo2x+oUStvpCW/8HjIRi4+iQCu5n+PhC7OqCQX58KYAzdBr///alIfRXiu6oMb+lK+rXQH1FvQ=="
    },
    "react-native-image-marker": {
      "version": "0.6.1",
      "resolved": "https://registry.npmjs.org/react-native-image-marker/-/react-native-image-marker-0.6.1.tgz",
      "integrity": "sha512-Evwdi1axs9E/CtHjeT9Xj2/uLnRBK3C2X7MC9dog2vpD5RbERNld31sRVerRH/xVMrPOWEDGoL+wXapJgcV8yA=="
    },
    "react-native-ping": {
      "version": "1.2.6",
      "resolved": "https://registry.npmjs.org/react-native-ping/-/react-native-ping-1.2.6.tgz",
      "integrity": "sha512-yntRkKXrNKf+27mZA2R4CJxU7yQPrN/EVoGzuCX5PL4qvEUx1aD9acpUX3wey3BAIWRmDjklcOVFazS+OR07Wg=="
    }
  }
}
