{
  "name": "react-native-true-librarys",
  "version": "1.1.0",
  "lockfileVersion": 1,
  "requires": true,
  "dependencies": {
    "@react-native-community/netinfo": {
      "version": "6.0.0",
      "resolved": "https://registry.npmjs.org/@react-native-community/netinfo/-/netinfo-6.0.0.tgz",
      "integrity": "sha512-Z9M8VGcF2IZVOo2x+oUStvpCW/8HjIRi4+iQCu5n+PhC7OqCQX58KYAzdBr///alIfRXiu6oMb+lK+rXQH1FvQ=="
    },
    "react-native-image-marker": {
      "version": "0.6.2",
      "resolved": "https://registry.npmjs.org/react-native-image-marker/-/react-native-image-marker-0.6.2.tgz",
      "integrity": "sha512-z/4sovm5ed6Zxif6T1GOzqvrfa/MZpaBeS7xYMggXLwHio5XnC1ZFjuXqpUGfclewgtjZvPQkau26lnn9Q6YAA=="
    },
    "react-native-merge-two-image": {
      "version": "1.1.9",
      "resolved": "https://registry.npmjs.org/react-native-merge-two-image/-/react-native-merge-two-image-1.1.9.tgz",
      "integrity": "sha512-VJg8lClYIWQmqxhlSis4IhP2tntBJp3gLEt/Xx4DrvghJQ2nYR0SxbGhvWC/lIOQLllp8H0GadSZXyqKLU2fRw=="
    },
    "react-native-ping": {
      "version": "1.2.6",
      "resolved": "https://registry.npmjs.org/react-native-ping/-/react-native-ping-1.2.6.tgz",
      "integrity": "sha512-yntRkKXrNKf+27mZA2R4CJxU7yQPrN/EVoGzuCX5PL4qvEUx1aD9acpUX3wey3BAIWRmDjklcOVFazS+OR07Wg=="
    }
  }
}
